
Microsoft Visual Studio Solution File, Format Version 12.00
# Visual Studio 15
VisualStudioVersion = 15.0.25807.0
MinimumVisualStudioVersion = 10.0.40219.1
Project("{2150E333-8FDC-42A3-9474-1A3956D46DE8}") = "Engine", "Engine", "{6BBC651B-CEBE-4762-B2DB-4FEAFAC92265}"
EndProject
Project("{2150E333-8FDC-42A3-9474-1A3956D46DE8}") = "Games", "Games", "{6030D59B-1679-41F2-8809-FA7A58C6EB9B}"
EndProject
Project("{8BC9CEB8-8B4A-11D0-8D11-00A0C91BC942}") = "UE4", "Intermediate\ProjectFiles\UE4.vcxproj", "{16BAEBB0-9460-4608-BDA7-894C390F4C3B}"
EndProject
Project("{8BC9CEB8-8B4A-11D0-8D11-00A0C91BC942}") = "ue4_escape", "Intermediate\ProjectFiles\ue4_escape.vcxproj", "{CDCA5DC6-34F7-4D53-8696-212B7DC27F5E}"
EndProject
Global
	GlobalSection(SolutionConfigurationPlatforms) = preSolution
		DebugGame Editor|HTML5 = DebugGame Editor|HTML5
		DebugGame Editor|Win32 = DebugGame Editor|Win32
		DebugGame Editor|Win64 = DebugGame Editor|Win64
		DebugGame|HTML5 = DebugGame|HTML5
		DebugGame|Win32 = DebugGame|Win32
		DebugGame|Win64 = DebugGame|Win64
		Development Editor|HTML5 = Development Editor|HTML5
		Development Editor|Win32 = Development Editor|Win32
		Development Editor|Win64 = Development Editor|Win64
		Development|HTML5 = Development|HTML5
		Development|Win32 = Development|Win32
		Development|Win64 = Development|Win64
		Shipping|HTML5 = Shipping|HTML5
		Shipping|Win32 = Shipping|Win32
		Shipping|Win64 = Shipping|Win64
	EndGlobalSection
	GlobalSection(ProjectConfigurationPlatforms) = postSolution
		{16BAEBB0-9460-4608-BDA7-894C390F4C3B}.DebugGame Editor|HTML5.ActiveCfg = BuiltWithUnrealBuildTool|Win32
		{16BAEBB0-9460-4608-BDA7-894C390F4C3B}.DebugGame Editor|HTML5.Build.0 = BuiltWithUnrealBuildTool|Win32
		{16BAEBB0-9460-4608-BDA7-894C390F4C3B}.DebugGame Editor|Win32.ActiveCfg = BuiltWithUnrealBuildTool|Win32
		{16BAEBB0-9460-4608-BDA7-894C390F4C3B}.DebugGame Editor|Win32.Build.0 = BuiltWithUnrealBuildTool|Win32
		{16BAEBB0-9460-4608-BDA7-894C390F4C3B}.DebugGame Editor|Win64.ActiveCfg = BuiltWithUnrealBuildTool|Win32
		{16BAEBB0-9460-4608-BDA7-894C390F4C3B}.DebugGame Editor|Win64.Build.0 = BuiltWithUnrealBuildTool|Win32
		{16BAEBB0-9460-4608-BDA7-894C390F4C3B}.DebugGame|HTML5.ActiveCfg = BuiltWithUnrealBuildTool|Win32
		{16BAEBB0-9460-4608-BDA7-894C390F4C3B}.DebugGame|HTML5.Build.0 = BuiltWithUnrealBuildTool|Win32
		{16BAEBB0-9460-4608-BDA7-894C390F4C3B}.DebugGame|Win32.ActiveCfg = BuiltWithUnrealBuildTool|Win32
		{16BAEBB0-9460-4608-BDA7-894C390F4C3B}.DebugGame|Win32.Build.0 = BuiltWithUnrealBuildTool|Win32
		{16BAEBB0-9460-4608-BDA7-894C390F4C3B}.DebugGame|Win64.ActiveCfg = BuiltWithUnrealBuildTool|Win32
		{16BAEBB0-9460-4608-BDA7-894C390F4C3B}.DebugGame|Win64.Build.0 = BuiltWithUnrealBuildTool|Win32
		{16BAEBB0-9460-4608-BDA7-894C390F4C3B}.Development Editor|HTML5.ActiveCfg = BuiltWithUnrealBuildTool|Win32
		{16BAEBB0-9460-4608-BDA7-894C390F4C3B}.Development Editor|HTML5.Build.0 = BuiltWithUnrealBuildTool|Win32
		{16BAEBB0-9460-4608-BDA7-894C390F4C3B}.Development Editor|Win32.ActiveCfg = BuiltWithUnrealBuildTool|Win32
		{16BAEBB0-9460-4608-BDA7-894C390F4C3B}.Development Editor|Win32.Build.0 = BuiltWithUnrealBuildTool|Win32
		{16BAEBB0-9460-4608-BDA7-894C390F4C3B}.Development Editor|Win64.ActiveCfg = BuiltWithUnrealBuildTool|Win32
		{16BAEBB0-9460-4608-BDA7-894C390F4C3B}.Development Editor|Win64.Build.0 = BuiltWithUnrealBuildTool|Win32
		{16BAEBB0-9460-4608-BDA7-894C390F4C3B}.Development|HTML5.ActiveCfg = BuiltWithUnrealBuildTool|Win32
		{16BAEBB0-9460-4608-BDA7-894C390F4C3B}.Development|HTML5.Build.0 = BuiltWithUnrealBuildTool|Win32
		{16BAEBB0-9460-4608-BDA7-894C390F4C3B}.Development|Win32.ActiveCfg = BuiltWithUnrealBuildTool|Win32
		{16BAEBB0-9460-4608-BDA7-894C390F4C3B}.Development|Win32.Build.0 = BuiltWithUnrealBuildTool|Win32
		{16BAEBB0-9460-4608-BDA7-894C390F4C3B}.Development|Win64.ActiveCfg = BuiltWithUnrealBuildTool|Win32
		{16BAEBB0-9460-4608-BDA7-894C390F4C3B}.Development|Win64.Build.0 = BuiltWithUnrealBuildTool|Win32
		{16BAEBB0-9460-4608-BDA7-894C390F4C3B}.Shipping|HTML5.ActiveCfg = BuiltWithUnrealBuildTool|Win32
		{16BAEBB0-9460-4608-BDA7-894C390F4C3B}.Shipping|HTML5.Build.0 = BuiltWithUnrealBuildTool|Win32
		{16BAEBB0-9460-4608-BDA7-894C390F4C3B}.Shipping|Win32.ActiveCfg = BuiltWithUnrealBuildTool|Win32
		{16BAEBB0-9460-4608-BDA7-894C390F4C3B}.Shipping|Win32.Build.0 = BuiltWithUnrealBuildTool|Win32
		{16BAEBB0-9460-4608-BDA7-894C390F4C3B}.Shipping|Win64.ActiveCfg = BuiltWithUnrealBuildTool|Win32
		{16BAEBB0-9460-4608-BDA7-894C390F4C3B}.Shipping|Win64.Build.0 = BuiltWithUnrealBuildTool|Win32
		{CDCA5DC6-34F7-4D53-8696-212B7DC27F5E}.DebugGame Editor|HTML5.ActiveCfg = HTML5_DebugGame_Editor|Win32
		{CDCA5DC6-34F7-4D53-8696-212B7DC27F5E}.DebugGame Editor|Win32.ActiveCfg = DebugGame_Editor|Win32
		{CDCA5DC6-34F7-4D53-8696-212B7DC27F5E}.DebugGame Editor|Win64.ActiveCfg = DebugGame_Editor|x64
		{CDCA5DC6-34F7-4D53-8696-212B7DC27F5E}.DebugGame Editor|Win64.Build.0 = DebugGame_Editor|x64
		{CDCA5DC6-34F7-4D53-8696-212B7DC27F5E}.DebugGame|HTML5.ActiveCfg = HTML5_DebugGame_Game|Win32
		{CDCA5DC6-34F7-4D53-8696-212B7DC27F5E}.DebugGame|HTML5.Build.0 = HTML5_DebugGame_Game|Win32
		{CDCA5DC6-34F7-4D53-8696-212B7DC27F5E}.DebugGame|Win32.ActiveCfg = DebugGame_Game|Win32
		{CDCA5DC6-34F7-4D53-8696-212B7DC27F5E}.DebugGame|Win32.Build.0 = DebugGame_Game|Win32
		{CDCA5DC6-34F7-4D53-8696-212B7DC27F5E}.DebugGame|Win64.ActiveCfg = DebugGame_Game|x64
		{CDCA5DC6-34F7-4D53-8696-212B7DC27F5E}.DebugGame|Win64.Build.0 = DebugGame_Game|x64
		{CDCA5DC6-34F7-4D53-8696-212B7DC27F5E}.Development Editor|HTML5.ActiveCfg = HTML5_Development_Editor|Win32
		{CDCA5DC6-34F7-4D53-8696-212B7DC27F5E}.Development Editor|Win32.ActiveCfg = Development_Editor|Win32
		{CDCA5DC6-34F7-4D53-8696-212B7DC27F5E}.Development Editor|Win64.ActiveCfg = Development_Editor|x64
		{CDCA5DC6-34F7-4D53-8696-212B7DC27F5E}.Development Editor|Win64.Build.0 = Development_Editor|x64
		{CDCA5DC6-34F7-4D53-8696-212B7DC27F5E}.Development|HTML5.ActiveCfg = HTML5_Development_Game|Win32
		{CDCA5DC6-34F7-4D53-8696-212B7DC27F5E}.Development|HTML5.Build.0 = HTML5_Development_Game|Win32
		{CDCA5DC6-34F7-4D53-8696-212B7DC27F5E}.Development|Win32.ActiveCfg = Development_Game|Win32
		{CDCA5DC6-34F7-4D53-8696-212B7DC27F5E}.Development|Win32.Build.0 = Development_Game|Win32
		{CDCA5DC6-34F7-4D53-8696-212B7DC27F5E}.Development|Win64.ActiveCfg = Development_Game|x64
		{CDCA5DC6-34F7-4D53-8696-212B7DC27F5E}.Development|Win64.Build.0 = Development_Game|x64
		{CDCA5DC6-34F7-4D53-8696-212B7DC27F5E}.Shipping|HTML5.ActiveCfg = HTML5_Shipping_Game|Win32
		{CDCA5DC6-34F7-4D53-8696-212B7DC27F5E}.Shipping|HTML5.Build.0 = HTML5_Shipping_Game|Win32
		{CDCA5DC6-34F7-4D53-8696-212B7DC27F5E}.Shipping|Win32.ActiveCfg = Shipping_Game|Win32
		{CDCA5DC6-34F7-4D53-8696-212B7DC27F5E}.Shipping|Win32.Build.0 = Shipping_Game|Win32
		{CDCA5DC6-34F7-4D53-8696-212B7DC27F5E}.Shipping|Win64.ActiveCfg = Shipping_Game|x64
		{CDCA5DC6-34F7-4D53-8696-212B7DC27F5E}.Shipping|Win64.Build.0 = Shipping_Game|x64
	EndGlobalSection
	GlobalSection(SolutionProperties) = preSolution
		HideSolutionNode = FALSE
	EndGlobalSection
	GlobalSection(NestedProjects) = preSolution
		{16BAEBB0-9460-4608-BDA7-894C390F4C3B} = {6BBC651B-CEBE-4762-B2DB-4FEAFAC92265}
		{CDCA5DC6-34F7-4D53-8696-212B7DC27F5E} = {6030D59B-1679-41F2-8809-FA7A58C6EB9B}
	EndGlobalSection
	GlobalSection(ExtensibilityGlobals) = postSolution
		SolutionGuid = {BEFFD7E1-691A-4FDD-AD89-9C7664F456D2}
	EndGlobalSection
EndGlobal
