
Microsoft Visual Studio Solution File, Format Version 12.00
# Visual Studio 15
VisualStudioVersion = 15.0.25807.0
MinimumVisualStudioVersion = 10.0.40219.1
Project("{2150E333-8FDC-42A3-9474-1A3956D46DE8}") = "Engine", "Engine", "{2FCA4E55-87C8-409D-B1A0-CFA13697CB7F}"
EndProject
Project("{2150E333-8FDC-42A3-9474-1A3956D46DE8}") = "Games", "Games", "{81860FA2-5BF6-4550-A13C-6B671BCC7D94}"
EndProject
Project("{8BC9CEB8-8B4A-11D0-8D11-00A0C91BC942}") = "UE4", "Intermediate\ProjectFiles\UE4.vcxproj", "{8D2863CF-FF21-4A7D-9A4A-3BCE30EB8C62}"
EndProject
Project("{8BC9CEB8-8B4A-11D0-8D11-00A0C91BC942}") = "ue4_escape", "Intermediate\ProjectFiles\ue4_escape.vcxproj", "{E15F59D9-21F4-492B-89C3-7EA973C16EED}"
EndProject
Global
	GlobalSection(SolutionConfigurationPlatforms) = preSolution
		DebugGame Editor|HTML5 = DebugGame Editor|HTML5
		DebugGame Editor|Win32 = DebugGame Editor|Win32
		DebugGame Editor|Win64 = DebugGame Editor|Win64
		DebugGame|HTML5 = DebugGame|HTML5
		DebugGame|Win32 = DebugGame|Win32
		DebugGame|Win64 = DebugGame|Win64
		Development Editor|HTML5 = Development Editor|HTML5
		Development Editor|Win32 = Development Editor|Win32
		Development Editor|Win64 = Development Editor|Win64
		Development|HTML5 = Development|HTML5
		Development|Win32 = Development|Win32
		Development|Win64 = Development|Win64
		Shipping|HTML5 = Shipping|HTML5
		Shipping|Win32 = Shipping|Win32
		Shipping|Win64 = Shipping|Win64
	EndGlobalSection
	GlobalSection(ProjectConfigurationPlatforms) = postSolution
		{8D2863CF-FF21-4A7D-9A4A-3BCE30EB8C62}.DebugGame Editor|HTML5.ActiveCfg = BuiltWithUnrealBuildTool|Win32
		{8D2863CF-FF21-4A7D-9A4A-3BCE30EB8C62}.DebugGame Editor|HTML5.Build.0 = BuiltWithUnrealBuildTool|Win32
		{8D2863CF-FF21-4A7D-9A4A-3BCE30EB8C62}.DebugGame Editor|Win32.ActiveCfg = BuiltWithUnrealBuildTool|Win32
		{8D2863CF-FF21-4A7D-9A4A-3BCE30EB8C62}.DebugGame Editor|Win32.Build.0 = BuiltWithUnrealBuildTool|Win32
		{8D2863CF-FF21-4A7D-9A4A-3BCE30EB8C62}.DebugGame Editor|Win64.ActiveCfg = BuiltWithUnrealBuildTool|Win32
		{8D2863CF-FF21-4A7D-9A4A-3BCE30EB8C62}.DebugGame Editor|Win64.Build.0 = BuiltWithUnrealBuildTool|Win32
		{8D2863CF-FF21-4A7D-9A4A-3BCE30EB8C62}.DebugGame|HTML5.ActiveCfg = BuiltWithUnrealBuildTool|Win32
		{8D2863CF-FF21-4A7D-9A4A-3BCE30EB8C62}.DebugGame|HTML5.Build.0 = BuiltWithUnrealBuildTool|Win32
		{8D2863CF-FF21-4A7D-9A4A-3BCE30EB8C62}.DebugGame|Win32.ActiveCfg = BuiltWithUnrealBuildTool|Win32
		{8D2863CF-FF21-4A7D-9A4A-3BCE30EB8C62}.DebugGame|Win32.Build.0 = BuiltWithUnrealBuildTool|Win32
		{8D2863CF-FF21-4A7D-9A4A-3BCE30EB8C62}.DebugGame|Win64.ActiveCfg = BuiltWithUnrealBuildTool|Win32
		{8D2863CF-FF21-4A7D-9A4A-3BCE30EB8C62}.DebugGame|Win64.Build.0 = BuiltWithUnrealBuildTool|Win32
		{8D2863CF-FF21-4A7D-9A4A-3BCE30EB8C62}.Development Editor|HTML5.ActiveCfg = BuiltWithUnrealBuildTool|Win32
		{8D2863CF-FF21-4A7D-9A4A-3BCE30EB8C62}.Development Editor|HTML5.Build.0 = BuiltWithUnrealBuildTool|Win32
		{8D2863CF-FF21-4A7D-9A4A-3BCE30EB8C62}.Development Editor|Win32.ActiveCfg = BuiltWithUnrealBuildTool|Win32
		{8D2863CF-FF21-4A7D-9A4A-3BCE30EB8C62}.Development Editor|Win32.Build.0 = BuiltWithUnrealBuildTool|Win32
		{8D2863CF-FF21-4A7D-9A4A-3BCE30EB8C62}.Development Editor|Win64.ActiveCfg = BuiltWithUnrealBuildTool|Win32
		{8D2863CF-FF21-4A7D-9A4A-3BCE30EB8C62}.Development Editor|Win64.Build.0 = BuiltWithUnrealBuildTool|Win32
		{8D2863CF-FF21-4A7D-9A4A-3BCE30EB8C62}.Development|HTML5.ActiveCfg = BuiltWithUnrealBuildTool|Win32
		{8D2863CF-FF21-4A7D-9A4A-3BCE30EB8C62}.Development|HTML5.Build.0 = BuiltWithUnrealBuildTool|Win32
		{8D2863CF-FF21-4A7D-9A4A-3BCE30EB8C62}.Development|Win32.ActiveCfg = BuiltWithUnrealBuildTool|Win32
		{8D2863CF-FF21-4A7D-9A4A-3BCE30EB8C62}.Development|Win32.Build.0 = BuiltWithUnrealBuildTool|Win32
		{8D2863CF-FF21-4A7D-9A4A-3BCE30EB8C62}.Development|Win64.ActiveCfg = BuiltWithUnrealBuildTool|Win32
		{8D2863CF-FF21-4A7D-9A4A-3BCE30EB8C62}.Development|Win64.Build.0 = BuiltWithUnrealBuildTool|Win32
		{8D2863CF-FF21-4A7D-9A4A-3BCE30EB8C62}.Shipping|HTML5.ActiveCfg = BuiltWithUnrealBuildTool|Win32
		{8D2863CF-FF21-4A7D-9A4A-3BCE30EB8C62}.Shipping|HTML5.Build.0 = BuiltWithUnrealBuildTool|Win32
		{8D2863CF-FF21-4A7D-9A4A-3BCE30EB8C62}.Shipping|Win32.ActiveCfg = BuiltWithUnrealBuildTool|Win32
		{8D2863CF-FF21-4A7D-9A4A-3BCE30EB8C62}.Shipping|Win32.Build.0 = BuiltWithUnrealBuildTool|Win32
		{8D2863CF-FF21-4A7D-9A4A-3BCE30EB8C62}.Shipping|Win64.ActiveCfg = BuiltWithUnrealBuildTool|Win32
		{8D2863CF-FF21-4A7D-9A4A-3BCE30EB8C62}.Shipping|Win64.Build.0 = BuiltWithUnrealBuildTool|Win32
		{E15F59D9-21F4-492B-89C3-7EA973C16EED}.DebugGame Editor|HTML5.ActiveCfg = HTML5_DebugGame_Editor|Win32
		{E15F59D9-21F4-492B-89C3-7EA973C16EED}.DebugGame Editor|Win32.ActiveCfg = DebugGame_Editor|Win32
		{E15F59D9-21F4-492B-89C3-7EA973C16EED}.DebugGame Editor|Win64.ActiveCfg = DebugGame_Editor|x64
		{E15F59D9-21F4-492B-89C3-7EA973C16EED}.DebugGame Editor|Win64.Build.0 = DebugGame_Editor|x64
		{E15F59D9-21F4-492B-89C3-7EA973C16EED}.DebugGame|HTML5.ActiveCfg = HTML5_DebugGame_Game|Win32
		{E15F59D9-21F4-492B-89C3-7EA973C16EED}.DebugGame|HTML5.Build.0 = HTML5_DebugGame_Game|Win32
		{E15F59D9-21F4-492B-89C3-7EA973C16EED}.DebugGame|Win32.ActiveCfg = DebugGame_Game|Win32
		{E15F59D9-21F4-492B-89C3-7EA973C16EED}.DebugGame|Win32.Build.0 = DebugGame_Game|Win32
		{E15F59D9-21F4-492B-89C3-7EA973C16EED}.DebugGame|Win64.ActiveCfg = DebugGame_Game|x64
		{E15F59D9-21F4-492B-89C3-7EA973C16EED}.DebugGame|Win64.Build.0 = DebugGame_Game|x64
		{E15F59D9-21F4-492B-89C3-7EA973C16EED}.Development Editor|HTML5.ActiveCfg = HTML5_Development_Editor|Win32
		{E15F59D9-21F4-492B-89C3-7EA973C16EED}.Development Editor|Win32.ActiveCfg = Development_Editor|Win32
		{E15F59D9-21F4-492B-89C3-7EA973C16EED}.Development Editor|Win64.ActiveCfg = Development_Editor|x64
		{E15F59D9-21F4-492B-89C3-7EA973C16EED}.Development Editor|Win64.Build.0 = Development_Editor|x64
		{E15F59D9-21F4-492B-89C3-7EA973C16EED}.Development|HTML5.ActiveCfg = HTML5_Development_Game|Win32
		{E15F59D9-21F4-492B-89C3-7EA973C16EED}.Development|HTML5.Build.0 = HTML5_Development_Game|Win32
		{E15F59D9-21F4-492B-89C3-7EA973C16EED}.Development|Win32.ActiveCfg = Development_Game|Win32
		{E15F59D9-21F4-492B-89C3-7EA973C16EED}.Development|Win32.Build.0 = Development_Game|Win32
		{E15F59D9-21F4-492B-89C3-7EA973C16EED}.Development|Win64.ActiveCfg = Development_Game|x64
		{E15F59D9-21F4-492B-89C3-7EA973C16EED}.Development|Win64.Build.0 = Development_Game|x64
		{E15F59D9-21F4-492B-89C3-7EA973C16EED}.Shipping|HTML5.ActiveCfg = HTML5_Shipping_Game|Win32
		{E15F59D9-21F4-492B-89C3-7EA973C16EED}.Shipping|HTML5.Build.0 = HTML5_Shipping_Game|Win32
		{E15F59D9-21F4-492B-89C3-7EA973C16EED}.Shipping|Win32.ActiveCfg = Shipping_Game|Win32
		{E15F59D9-21F4-492B-89C3-7EA973C16EED}.Shipping|Win32.Build.0 = Shipping_Game|Win32
		{E15F59D9-21F4-492B-89C3-7EA973C16EED}.Shipping|Win64.ActiveCfg = Shipping_Game|x64
		{E15F59D9-21F4-492B-89C3-7EA973C16EED}.Shipping|Win64.Build.0 = Shipping_Game|x64
	EndGlobalSection
	GlobalSection(SolutionProperties) = preSolution
		HideSolutionNode = FALSE
	EndGlobalSection
	GlobalSection(NestedProjects) = preSolution
		{8D2863CF-FF21-4A7D-9A4A-3BCE30EB8C62} = {2FCA4E55-87C8-409D-B1A0-CFA13697CB7F}
		{E15F59D9-21F4-492B-89C3-7EA973C16EED} = {81860FA2-5BF6-4550-A13C-6B671BCC7D94}
	EndGlobalSection
	GlobalSection(ExtensibilityGlobals) = postSolution
		SolutionGuid = {A89203E1-4D73-4380-8CF1-F45D99BE77FF}
	EndGlobalSection
EndGlobal
